
Microsoft Visual Studio Solution File, Format Version 12.00
# Visual Studio 2013
VisualStudioVersion = 12.0.31101.0
MinimumVisualStudioVersion = 10.0.40219.1
Project("{FAE04EC0-301F-11D3-BF4B-00C04F79EFBC}") = "BowlingGame", "BowlingGame\BowlingGame.csproj", "{0C8508CD-F67A-4C43-9421-3E8AC132BB23}"
EndProject
Project("{FAE04EC0-301F-11D3-BF4B-00C04F79EFBC}") = "BowlingGameTests", "BowlingGameTests\BowlingGameTests.csproj", "{845708AE-934F-41C5-927F-FB39A8BECE6A}"
EndProject
Global
	GlobalSection(SolutionConfigurationPlatforms) = preSolution
		Debug|Any CPU = Debug|Any CPU
		Release|Any CPU = Release|Any CPU
	EndGlobalSection
	GlobalSection(ProjectConfigurationPlatforms) = postSolution
		{0C8508CD-F67A-4C43-9421-3E8AC132BB23}.Debug|Any CPU.ActiveCfg = Debug|Any CPU
		{0C8508CD-F67A-4C43-9421-3E8AC132BB23}.Debug|Any CPU.Build.0 = Debug|Any CPU
		{0C8508CD-F67A-4C43-9421-3E8AC132BB23}.Release|Any CPU.ActiveCfg = Release|Any CPU
		{0C8508CD-F67A-4C43-9421-3E8AC132BB23}.Release|Any CPU.Build.0 = Release|Any CPU
		{845708AE-934F-41C5-927F-FB39A8BECE6A}.Debug|Any CPU.ActiveCfg = Debug|Any CPU
		{845708AE-934F-41C5-927F-FB39A8BECE6A}.Debug|Any CPU.Build.0 = Debug|Any CPU
		{845708AE-934F-41C5-927F-FB39A8BECE6A}.Release|Any CPU.ActiveCfg = Release|Any CPU
		{845708AE-934F-41C5-927F-FB39A8BECE6A}.Release|Any CPU.Build.0 = Release|Any CPU
	EndGlobalSection
	GlobalSection(SolutionProperties) = preSolution
		HideSolutionNode = FALSE
	EndGlobalSection
EndGlobal
